// !$*UTF8*$!
{
	archiveVersion = 1;
	classes = {
	};
	objectVersion = 77;
	objects = {

/* Begin PBXBuildFile section */
		AA1000000000000000000090 /* ExampleKit in Frameworks */ = {isa = PBXBuildFile; productRef = AA1000000000000000000081 /* ExampleKit */; };
		AA1000000000000000000091 /* DemoWidget.appex in Embed Foundation Extensions */ = {isa = PBXBuildFile; fileRef = AA1000000000000000000071 /* DemoWidget.appex */; settings = {ATTRIBUTES = (RemoveHeadersOnCopy, ); }; };
/* End PBXBuildFile section */

/* Begin PBXContainerItemProxy section */
		AA1000000000000000000001 /* PBXContainerItemProxy */ = {
			isa = PBXContainerItemProxy;
			containerPortal = AA10000000000000000000F0 /* Project object */;
			proxyType = 1;
			remoteGlobalIDString = AA1000000000000000000030;
			remoteInfo = DemoWidget;
		};
/* End PBXContainerItemProxy section */

/* Begin PBXCopyFilesBuildPhase section */
		AA1000000000000000000043 /* Embed Foundation Extensions */ = {
			isa = PBXCopyFilesBuildPhase;
			buildActionMask = 2147483647;
			dstPath = "";
			dstSubfolderSpec = 13;
			files = (
				AA1000000000000000000091 /* DemoWidget.appex in Embed Foundation Extensions */,
			);
			name = "Embed Foundation Extensions";
			runOnlyForDeploymentPostprocessing = 0;
		};
/* End PBXCopyFilesBuildPhase section */

/* Begin PBXFileReference section */
		AA1000000000000000000070 /* Demo.app */ = {isa = PBXFileReference; explicitFileType = wrapper.application; includeInIndex = 0; path = Demo.app; sourceTree = BUILT_PRODUCTS_DIR; };
		AA1000000000000000000071 /* DemoWidget.appex */ = {isa = PBXFileReference; explicitFileType = "wrapper.app-extension"; includeInIndex = 0; path = DemoWidget.appex; sourceTree = BUILT_PRODUCTS_DIR; };
/* End PBXFileReference section */

/* Begin PBXFileSystemSynchronizedBuildFileExceptionSet section */
		AA1000000000000000000002 /* Exceptions for "Demo" folder in "Demo" target */ = {
			isa = PBXFileSystemSynchronizedBuildFileExceptionSet;
			membershipExceptions = (
				Info.plist,
				Legacy/Bridging.h,
			);
			target = AA1000000000000000000020 /* Demo */;
		};
/* End PBXFileSystemSynchronizedBuildFileExceptionSet section */

/* Begin PBXFileSystemSynchronizedGroupBuildPhaseMembershipExceptionSet section */
		AA1000000000000000000003 /* Exceptions for "Demo" folder in "Embed Foundation Extensions" phase from "Demo" target */ = {
			isa = PBXFileSystemSynchronizedGroupBuildPhaseMembershipExceptionSet;
			buildPhase = AA1000000000000000000043 /* Embed Foundation Extensions */;
			membershipExceptions = (
				com.example.demo.extensionpoint,
			);
		};
/* End PBXFileSystemSynchronizedGroupBuildPhaseMembershipExceptionSet section */

/* Begin PBXFileSystemSynchronizedRootGroup section */
		AA1000000000000000000010 /* Demo */ = {
			isa = PBXFileSystemSynchronizedRootGroup;
			exceptions = (
				AA1000000000000000000002 /* Exceptions for "Demo" folder in "Demo" target */,
				AA1000000000000000000003 /* Exceptions for "Demo" folder in "Embed Foundation Extensions" phase from "Demo" target */,
			);
			path = Demo;
			sourceTree = "<group>";
		};
		AA1000000000000000000011 /* DemoWidget */ = {
			isa = PBXFileSystemSynchronizedRootGroup;
			path = DemoWidget;
			sourceTree = "<group>";
		};
/* End PBXFileSystemSynchronizedRootGroup section */

/* Begin PBXFrameworksBuildPhase section */
		AA1000000000000000000041 /* Frameworks */ = {
			isa = PBXFrameworksBuildPhase;
			buildActionMask = 2147483647;
			files = (
				AA1000000000000000000090 /* ExampleKit in Frameworks */,
			);
			runOnlyForDeploymentPostprocessing = 0;
		};
		AA1000000000000000000045 /* Frameworks */ = {
			isa = PBXFrameworksBuildPhase;
			buildActionMask = 2147483647;
			files = (
			);
			runOnlyForDeploymentPostprocessing = 0;
		};
/* End PBXFrameworksBuildPhase section */

/* Begin PBXGroup section */
		AA10000000000000000000E0 = {
			isa = PBXGroup;
			children = (
				AA1000000000000000000010 /* Demo */,
				AA1000000000000000000011 /* DemoWidget */,
				AA10000000000000000000E1 /* Products */,
			);
			sourceTree = "<group>";
		};
		AA10000000000000000000E1 /* Products */ = {
			isa = PBXGroup;
			children = (
				AA1000000000000000000070 /* Demo.app */,
				AA1000000000000000000071 /* DemoWidget.appex */,
			);
			name = Products;
			sourceTree = "<group>";
		};
/* End PBXGroup section */

/* Begin PBXNativeTarget section */
		AA1000000000000000000020 /* Demo */ = {
			isa = PBXNativeTarget;
			buildConfigurationList = AA1000000000000000000060 /* Build configuration list for PBXNativeTarget "Demo" */;
			buildPhases = (
				AA1000000000000000000040 /* Sources */,
				AA1000000000000000000041 /* Frameworks */,
				AA1000000000000000000042 /* Resources */,
				AA1000000000000000000043 /* Embed Foundation Extensions */,
			);
			buildRules = (
			);
			dependencies = (
				AA1000000000000000000050 /* PBXTargetDependency */,
			);
			fileSystemSynchronizedGroups = (
				AA1000000000000000000010 /* Demo */,
			);
			name = Demo;
			packageProductDependencies = (
				AA1000000000000000000081 /* ExampleKit */,
			);
			productName = Demo;
			productReference = AA1000000000000000000070 /* Demo.app */;
			productType = "com.apple.product-type.application";
		};
		AA1000000000000000000030 /* DemoWidget */ = {
			isa = PBXNativeTarget;
			buildConfigurationList = AA1000000000000000000061 /* Build configuration list for PBXNativeTarget "DemoWidget" */;
			buildPhases = (
				AA1000000000000000000044 /* Sources */,
				AA1000000000000000000045 /* Frameworks */,
			);
			buildRules = (
			);
			dependencies = (
			);
			fileSystemSynchronizedGroups = (
				AA1000000000000000000011 /* DemoWidget */,
			);
			name = DemoWidget;
			productName = DemoWidget;
			productReference = AA1000000000000000000071 /* DemoWidget.appex */;
			productType = "com.apple.product-type.app-extension";
		};
/* End PBXNativeTarget section */

/* Begin PBXProject section */
		AA10000000000000000000F0 /* Project object */ = {
			isa = PBXProject;
			attributes = {
				BuildIndependentTargetsInParallel = 1;
				LastUpgradeCheck = 1700;
				TargetAttributes = {
					AA1000000000000000000020 = {
						CreatedOnToolsVersion = 17.0;
					};
					AA1000000000000000000030 = {
						CreatedOnToolsVersion = 17.0;
					};
				};
			};
			buildConfigurationList = AA10000000000000000000F1 /* Build configuration list for PBXProject "Demo" */;
			developmentRegion = en;
			hasScannedForEncodings = 0;
			knownRegions = (
				en,
				Base,
			);
			mainGroup = AA10000000000000000000E0;
			packageReferences = (
				AA1000000000000000000080 /* XCRemoteSwiftPackageReference "example-kit" */,
			);
			productRefGroup = AA10000000000000000000E1 /* Products */;
			projectDirPath = "";
			projectRoot = "";
			targets = (
				AA1000000000000000000020 /* Demo */,
				AA1000000000000000000030 /* DemoWidget */,
			);
		};
/* End PBXProject section */

/* Begin PBXResourcesBuildPhase section */
		AA1000000000000000000042 /* Resources */ = {
			isa = PBXResourcesBuildPhase;
			buildActionMask = 2147483647;
			files = (
			);
			runOnlyForDeploymentPostprocessing = 0;
		};
/* End PBXResourcesBuildPhase section */

/* Begin PBXSourcesBuildPhase section */
		AA1000000000000000000040 /* Sources */ = {
			isa = PBXSourcesBuildPhase;
			buildActionMask = 2147483647;
			files = (
			);
			runOnlyForDeploymentPostprocessing = 0;
		};
		AA1000000000000000000044 /* Sources */ = {
			isa = PBXSourcesBuildPhase;
			buildActionMask = 2147483647;
			files = (
			);
			runOnlyForDeploymentPostprocessing = 0;
		};
/* End PBXSourcesBuildPhase section */

/* Begin PBXTargetDependency section */
		AA1000000000000000000050 /* PBXTargetDependency */ = {
			isa = PBXTargetDependency;
			target = AA1000000000000000000030 /* DemoWidget */;
			targetProxy = AA1000000000000000000001 /* PBXContainerItemProxy */;
		};
/* End PBXTargetDependency section */

/* Begin XCBuildConfiguration section */
		AA1000000000000000000062 /* Debug */ = {
			isa = XCBuildConfiguration;
			buildSettings = {
				CURRENT_PROJECT_VERSION = 1;
				GENERATE_INFOPLIST_FILE = YES;
				MARKETING_VERSION = 1.0;
				PRODUCT_BUNDLE_IDENTIFIER = com.example.demo;
				PRODUCT_NAME = "$(TARGET_NAME)";
				SDKROOT = iphoneos;
				SWIFT_VERSION = 5.0;
			};
			name = Debug;
		};
		AA1000000000000000000063 /* Release */ = {
			isa = XCBuildConfiguration;
			buildSettings = {
				CURRENT_PROJECT_VERSION = 1;
				GENERATE_INFOPLIST_FILE = YES;
				MARKETING_VERSION = 1.0;
				PRODUCT_BUNDLE_IDENTIFIER = com.example.demo;
				PRODUCT_NAME = "$(TARGET_NAME)";
				SDKROOT = iphoneos;
				SWIFT_COMPILATION_MODE = wholemodule;
				SWIFT_VERSION = 5.0;
			};
			name = Release;
		};
		AA1000000000000000000064 /* Release */ = {
			isa = XCBuildConfiguration;
			buildSettings = {
				CURRENT_PROJECT_VERSION = 1;
				GENERATE_INFOPLIST_FILE = YES;
				MARKETING_VERSION = 1.0;
				PRODUCT_BUNDLE_IDENTIFIER = com.example.demo.widget;
				PRODUCT_NAME = "$(TARGET_NAME)";
				SDKROOT = iphoneos;
				SWIFT_VERSION = 5.0;
			};
			name = Release;
		};
		AA10000000000000000000F2 /* Release */ = {
			isa = XCBuildConfiguration;
			buildSettings = {
				ALWAYS_SEARCH_USER_PATHS = NO;
				SWIFT_VERSION = 5.0;
			};
			name = Release;
		};
/* End XCBuildConfiguration section */

/* Begin XCConfigurationList section */
		AA1000000000000000000060 /* Build configuration list for PBXNativeTarget "Demo" */ = {
			isa = XCConfigurationList;
			buildConfigurations = (
				AA1000000000000000000062 /* Debug */,
				AA1000000000000000000063 /* Release */,
			);
			defaultConfigurationIsVisible = 0;
			defaultConfigurationName = Release;
		};
		AA1000000000000000000061 /* Build configuration list for PBXNativeTarget "DemoWidget" */ = {
			isa = XCConfigurationList;
			buildConfigurations = (
				AA1000000000000000000064 /* Release */,
			);
			defaultConfigurationIsVisible = 0;
			defaultConfigurationName = Release;
		};
		AA10000000000000000000F1 /* Build configuration list for PBXProject "Demo" */ = {
			isa = XCConfigurationList;
			buildConfigurations = (
				AA10000000000000000000F2 /* Release */,
			);
			defaultConfigurationIsVisible = 0;
			defaultConfigurationName = Release;
		};
/* End XCConfigurationList section */

/* Begin XCRemoteSwiftPackageReference section */
		AA1000000000000000000080 /* XCRemoteSwiftPackageReference "example-kit" */ = {
			isa = XCRemoteSwiftPackageReference;
			repositoryURL = "https://github.com/example/example-kit";
			requirement = {
				kind = upToNextMajorVersion;
				minimumVersion = 2.1.0;
			};
		};
/* End XCRemoteSwiftPackageReference section */

/* Begin XCSwiftPackageProductDependency section */
		AA1000000000000000000081 /* ExampleKit */ = {
			isa = XCSwiftPackageProductDependency;
			package = AA1000000000000000000080 /* XCRemoteSwiftPackageReference "example-kit" */;
			productName = ExampleKit;
		};
/* End XCSwiftPackageProductDependency section */
	};
	rootObject = AA10000000000000000000F0 /* Project object */;
}
